{
  "pins" : [
    {
      "identity" : "swifthash",
      "kind" : "remoteSourceControl",
      "location" : "git@github.com:onmyway133/SwiftHash.git",
      "state" : {
        "revision" : "a900fc3f33c67eb33c9e650651edf6e23a410b3c",
        "version" : "2.0.2"
      }
    }
  ],
  "version" : 2
}
